
Microsoft Visual Studio Solution File, Format Version 12.00
# Visual Studio Version 17
VisualStudioVersion = 17.9.34728.123
MinimumVisualStudioVersion = 10.0.40219.1
Project("{FAE04EC0-301F-11D3-BF4B-00C04F79EFBC}") = "GUI", "ĐOAN QLBD\GUI.csproj", "{D8A80A98-B33A-4C98-BF78-AF49CCFCDA20}"
EndProject
Project("{FAE04EC0-301F-11D3-BF4B-00C04F79EFBC}") = "DTO", "DTO\DTO.csproj", "{C427FE79-1A4C-4582-83F6-CC1935A0DFF2}"
EndProject
Project("{FAE04EC0-301F-11D3-BF4B-00C04F79EFBC}") = "DAL", "DAL\DAL.csproj", "{528457BF-A477-4646-853A-DA75ADFD00D0}"
EndProject
Project("{FAE04EC0-301F-11D3-BF4B-00C04F79EFBC}") = "BUS", "BUS\BUS.csproj", "{C71F2058-6D7D-4662-9B00-FC9C4BD45CCE}"
EndProject
Global
	GlobalSection(SolutionConfigurationPlatforms) = preSolution
		Debug|Any CPU = Debug|Any CPU
		Release|Any CPU = Release|Any CPU
	EndGlobalSection
	GlobalSection(ProjectConfigurationPlatforms) = postSolution
		{D8A80A98-B33A-4C98-BF78-AF49CCFCDA20}.Debug|Any CPU.ActiveCfg = Debug|Any CPU
		{D8A80A98-B33A-4C98-BF78-AF49CCFCDA20}.Debug|Any CPU.Build.0 = Debug|Any CPU
		{D8A80A98-B33A-4C98-BF78-AF49CCFCDA20}.Release|Any CPU.ActiveCfg = Release|Any CPU
		{D8A80A98-B33A-4C98-BF78-AF49CCFCDA20}.Release|Any CPU.Build.0 = Release|Any CPU
		{C427FE79-1A4C-4582-83F6-CC1935A0DFF2}.Debug|Any CPU.ActiveCfg = Debug|Any CPU
		{C427FE79-1A4C-4582-83F6-CC1935A0DFF2}.Debug|Any CPU.Build.0 = Debug|Any CPU
		{C427FE79-1A4C-4582-83F6-CC1935A0DFF2}.Release|Any CPU.ActiveCfg = Release|Any CPU
		{C427FE79-1A4C-4582-83F6-CC1935A0DFF2}.Release|Any CPU.Build.0 = Release|Any CPU
		{528457BF-A477-4646-853A-DA75ADFD00D0}.Debug|Any CPU.ActiveCfg = Debug|Any CPU
		{528457BF-A477-4646-853A-DA75ADFD00D0}.Debug|Any CPU.Build.0 = Debug|Any CPU
		{528457BF-A477-4646-853A-DA75ADFD00D0}.Release|Any CPU.ActiveCfg = Release|Any CPU
		{528457BF-A477-4646-853A-DA75ADFD00D0}.Release|Any CPU.Build.0 = Release|Any CPU
		{C71F2058-6D7D-4662-9B00-FC9C4BD45CCE}.Debug|Any CPU.ActiveCfg = Debug|Any CPU
		{C71F2058-6D7D-4662-9B00-FC9C4BD45CCE}.Debug|Any CPU.Build.0 = Debug|Any CPU
		{C71F2058-6D7D-4662-9B00-FC9C4BD45CCE}.Release|Any CPU.ActiveCfg = Release|Any CPU
		{C71F2058-6D7D-4662-9B00-FC9C4BD45CCE}.Release|Any CPU.Build.0 = Release|Any CPU
	EndGlobalSection
	GlobalSection(SolutionProperties) = preSolution
		HideSolutionNode = FALSE
	EndGlobalSection
	GlobalSection(ExtensibilityGlobals) = postSolution
		SolutionGuid = {CD105B2B-F926-417A-8AB7-7CA9A8C77AC3}
	EndGlobalSection
EndGlobal
